
Microsoft Visual Studio Solution File, Format Version 12.00
# Visual Studio 14
VisualStudioVersion = 14.0.25123.0
MinimumVisualStudioVersion = 10.0.40219.1
Project("{FAE04EC0-301F-11D3-BF4B-00C04F79EFBC}") = "AndroidApp3", "AndroidApp3\AndroidApp3.csproj", "{93B81503-4D03-4952-AB2E-ECA63F154421}"
EndProject
Project("{FAE04EC0-301F-11D3-BF4B-00C04F79EFBC}") = "DataRepository.Library", "DataRepository.Library\DataRepository.Library.csproj", "{37D42971-AAE7-443F-BA24-34D13B9DBD2E}"
EndProject
Project("{2150E333-8FDC-42A3-9474-1A3956D46DE8}") = "Tests", "Tests", "{B7B292B1-65AC-4EA1-892B-155F8B20B0FA}"
EndProject
Project("{FAE04EC0-301F-11D3-BF4B-00C04F79EFBC}") = "UnitTestApp.Repository", "UnitTestApp.Repository\UnitTestApp.Repository.csproj", "{9D60EF47-C0F9-453E-A06B-396F90EAB0EE}"
EndProject
Project("{FAE04EC0-301F-11D3-BF4B-00C04F79EFBC}") = "Net.Newsmth.SmthBinding", "Net.Newsmth.SmthBinding\Net.Newsmth.SmthBinding.csproj", "{835B33EA-0BD8-455D-B536-BFB4E3B1191E}"
EndProject
Project("{FAE04EC0-301F-11D3-BF4B-00C04F79EFBC}") = "AndroidSmthApp", "AndroidSmthApp\AndroidSmthApp.csproj", "{0393D583-541C-43B7-8693-ABD7B6548E6F}"
EndProject
Global
	GlobalSection(SolutionConfigurationPlatforms) = preSolution
		AppStore|Any CPU = AppStore|Any CPU
		AppStore|ARM = AppStore|ARM
		AppStore|iPhone = AppStore|iPhone
		AppStore|iPhoneSimulator = AppStore|iPhoneSimulator
		AppStore|Mixed Platforms = AppStore|Mixed Platforms
		AppStore|x86 = AppStore|x86
		Debug|Any CPU = Debug|Any CPU
		Debug|ARM = Debug|ARM
		Debug|iPhone = Debug|iPhone
		Debug|iPhoneSimulator = Debug|iPhoneSimulator
		Debug|Mixed Platforms = Debug|Mixed Platforms
		Debug|x86 = Debug|x86
		Release|Any CPU = Release|Any CPU
		Release|ARM = Release|ARM
		Release|iPhone = Release|iPhone
		Release|iPhoneSimulator = Release|iPhoneSimulator
		Release|Mixed Platforms = Release|Mixed Platforms
		Release|x86 = Release|x86
	EndGlobalSection
	GlobalSection(ProjectConfigurationPlatforms) = postSolution
		{93B81503-4D03-4952-AB2E-ECA63F154421}.AppStore|Any CPU.ActiveCfg = Release|Any CPU
		{93B81503-4D03-4952-AB2E-ECA63F154421}.AppStore|Any CPU.Build.0 = Release|Any CPU
		{93B81503-4D03-4952-AB2E-ECA63F154421}.AppStore|Any CPU.Deploy.0 = Release|Any CPU
		{93B81503-4D03-4952-AB2E-ECA63F154421}.AppStore|ARM.ActiveCfg = Release|Any CPU
		{93B81503-4D03-4952-AB2E-ECA63F154421}.AppStore|iPhone.ActiveCfg = Release|Any CPU
		{93B81503-4D03-4952-AB2E-ECA63F154421}.AppStore|iPhoneSimulator.ActiveCfg = Release|Any CPU
		{93B81503-4D03-4952-AB2E-ECA63F154421}.AppStore|Mixed Platforms.ActiveCfg = Release|Any CPU
		{93B81503-4D03-4952-AB2E-ECA63F154421}.AppStore|Mixed Platforms.Build.0 = Release|Any CPU
		{93B81503-4D03-4952-AB2E-ECA63F154421}.AppStore|Mixed Platforms.Deploy.0 = Release|Any CPU
		{93B81503-4D03-4952-AB2E-ECA63F154421}.AppStore|x86.ActiveCfg = Release|Any CPU
		{93B81503-4D03-4952-AB2E-ECA63F154421}.Debug|Any CPU.ActiveCfg = Debug|Any CPU
		{93B81503-4D03-4952-AB2E-ECA63F154421}.Debug|Any CPU.Build.0 = Debug|Any CPU
		{93B81503-4D03-4952-AB2E-ECA63F154421}.Debug|Any CPU.Deploy.0 = Debug|Any CPU
		{93B81503-4D03-4952-AB2E-ECA63F154421}.Debug|ARM.ActiveCfg = Debug|Any CPU
		{93B81503-4D03-4952-AB2E-ECA63F154421}.Debug|ARM.Build.0 = Debug|Any CPU
		{93B81503-4D03-4952-AB2E-ECA63F154421}.Debug|ARM.Deploy.0 = Debug|Any CPU
		{93B81503-4D03-4952-AB2E-ECA63F154421}.Debug|iPhone.ActiveCfg = Debug|Any CPU
		{93B81503-4D03-4952-AB2E-ECA63F154421}.Debug|iPhoneSimulator.ActiveCfg = Debug|Any CPU
		{93B81503-4D03-4952-AB2E-ECA63F154421}.Debug|Mixed Platforms.ActiveCfg = Debug|Any CPU
		{93B81503-4D03-4952-AB2E-ECA63F154421}.Debug|Mixed Platforms.Build.0 = Debug|Any CPU
		{93B81503-4D03-4952-AB2E-ECA63F154421}.Debug|Mixed Platforms.Deploy.0 = Debug|Any CPU
		{93B81503-4D03-4952-AB2E-ECA63F154421}.Debug|x86.ActiveCfg = Debug|Any CPU
		{93B81503-4D03-4952-AB2E-ECA63F154421}.Release|Any CPU.ActiveCfg = Release|Any CPU
		{93B81503-4D03-4952-AB2E-ECA63F154421}.Release|Any CPU.Build.0 = Release|Any CPU
		{93B81503-4D03-4952-AB2E-ECA63F154421}.Release|Any CPU.Deploy.0 = Release|Any CPU
		{93B81503-4D03-4952-AB2E-ECA63F154421}.Release|ARM.ActiveCfg = Release|Any CPU
		{93B81503-4D03-4952-AB2E-ECA63F154421}.Release|iPhone.ActiveCfg = Release|Any CPU
		{93B81503-4D03-4952-AB2E-ECA63F154421}.Release|iPhoneSimulator.ActiveCfg = Release|Any CPU
		{93B81503-4D03-4952-AB2E-ECA63F154421}.Release|Mixed Platforms.ActiveCfg = Release|Any CPU
		{93B81503-4D03-4952-AB2E-ECA63F154421}.Release|Mixed Platforms.Build.0 = Release|Any CPU
		{93B81503-4D03-4952-AB2E-ECA63F154421}.Release|Mixed Platforms.Deploy.0 = Release|Any CPU
		{93B81503-4D03-4952-AB2E-ECA63F154421}.Release|x86.ActiveCfg = Release|Any CPU
		{37D42971-AAE7-443F-BA24-34D13B9DBD2E}.AppStore|Any CPU.ActiveCfg = Release|Any CPU
		{37D42971-AAE7-443F-BA24-34D13B9DBD2E}.AppStore|Any CPU.Build.0 = Release|Any CPU
		{37D42971-AAE7-443F-BA24-34D13B9DBD2E}.AppStore|ARM.ActiveCfg = Release|Any CPU
		{37D42971-AAE7-443F-BA24-34D13B9DBD2E}.AppStore|iPhone.ActiveCfg = Release|Any CPU
		{37D42971-AAE7-443F-BA24-34D13B9DBD2E}.AppStore|iPhoneSimulator.ActiveCfg = Release|Any CPU
		{37D42971-AAE7-443F-BA24-34D13B9DBD2E}.AppStore|Mixed Platforms.ActiveCfg = Release|Any CPU
		{37D42971-AAE7-443F-BA24-34D13B9DBD2E}.AppStore|Mixed Platforms.Build.0 = Release|Any CPU
		{37D42971-AAE7-443F-BA24-34D13B9DBD2E}.AppStore|x86.ActiveCfg = Release|Any CPU
		{37D42971-AAE7-443F-BA24-34D13B9DBD2E}.Debug|Any CPU.ActiveCfg = Debug|Any CPU
		{37D42971-AAE7-443F-BA24-34D13B9DBD2E}.Debug|Any CPU.Build.0 = Debug|Any CPU
		{37D42971-AAE7-443F-BA24-34D13B9DBD2E}.Debug|ARM.ActiveCfg = Debug|Any CPU
		{37D42971-AAE7-443F-BA24-34D13B9DBD2E}.Debug|ARM.Build.0 = Debug|Any CPU
		{37D42971-AAE7-443F-BA24-34D13B9DBD2E}.Debug|ARM.Deploy.0 = Debug|Any CPU
		{37D42971-AAE7-443F-BA24-34D13B9DBD2E}.Debug|iPhone.ActiveCfg = Debug|Any CPU
		{37D42971-AAE7-443F-BA24-34D13B9DBD2E}.Debug|iPhoneSimulator.ActiveCfg = Debug|Any CPU
		{37D42971-AAE7-443F-BA24-34D13B9DBD2E}.Debug|Mixed Platforms.ActiveCfg = Debug|Any CPU
		{37D42971-AAE7-443F-BA24-34D13B9DBD2E}.Debug|Mixed Platforms.Build.0 = Debug|Any CPU
		{37D42971-AAE7-443F-BA24-34D13B9DBD2E}.Debug|x86.ActiveCfg = Debug|Any CPU
		{37D42971-AAE7-443F-BA24-34D13B9DBD2E}.Release|Any CPU.ActiveCfg = Release|Any CPU
		{37D42971-AAE7-443F-BA24-34D13B9DBD2E}.Release|Any CPU.Build.0 = Release|Any CPU
		{37D42971-AAE7-443F-BA24-34D13B9DBD2E}.Release|ARM.ActiveCfg = Release|Any CPU
		{37D42971-AAE7-443F-BA24-34D13B9DBD2E}.Release|iPhone.ActiveCfg = Release|Any CPU
		{37D42971-AAE7-443F-BA24-34D13B9DBD2E}.Release|iPhoneSimulator.ActiveCfg = Release|Any CPU
		{37D42971-AAE7-443F-BA24-34D13B9DBD2E}.Release|Mixed Platforms.ActiveCfg = Release|Any CPU
		{37D42971-AAE7-443F-BA24-34D13B9DBD2E}.Release|Mixed Platforms.Build.0 = Release|Any CPU
		{37D42971-AAE7-443F-BA24-34D13B9DBD2E}.Release|x86.ActiveCfg = Release|Any CPU
		{9D60EF47-C0F9-453E-A06B-396F90EAB0EE}.AppStore|Any CPU.ActiveCfg = Release|Any CPU
		{9D60EF47-C0F9-453E-A06B-396F90EAB0EE}.AppStore|Any CPU.Build.0 = Release|Any CPU
		{9D60EF47-C0F9-453E-A06B-396F90EAB0EE}.AppStore|Any CPU.Deploy.0 = Release|Any CPU
		{9D60EF47-C0F9-453E-A06B-396F90EAB0EE}.AppStore|ARM.ActiveCfg = Release|Any CPU
		{9D60EF47-C0F9-453E-A06B-396F90EAB0EE}.AppStore|iPhone.ActiveCfg = Release|Any CPU
		{9D60EF47-C0F9-453E-A06B-396F90EAB0EE}.AppStore|iPhoneSimulator.ActiveCfg = Release|Any CPU
		{9D60EF47-C0F9-453E-A06B-396F90EAB0EE}.AppStore|Mixed Platforms.ActiveCfg = Release|Any CPU
		{9D60EF47-C0F9-453E-A06B-396F90EAB0EE}.AppStore|Mixed Platforms.Build.0 = Release|Any CPU
		{9D60EF47-C0F9-453E-A06B-396F90EAB0EE}.AppStore|Mixed Platforms.Deploy.0 = Release|Any CPU
		{9D60EF47-C0F9-453E-A06B-396F90EAB0EE}.AppStore|x86.ActiveCfg = Release|Any CPU
		{9D60EF47-C0F9-453E-A06B-396F90EAB0EE}.Debug|Any CPU.ActiveCfg = Debug|Any CPU
		{9D60EF47-C0F9-453E-A06B-396F90EAB0EE}.Debug|Any CPU.Build.0 = Debug|Any CPU
		{9D60EF47-C0F9-453E-A06B-396F90EAB0EE}.Debug|Any CPU.Deploy.0 = Debug|Any CPU
		{9D60EF47-C0F9-453E-A06B-396F90EAB0EE}.Debug|ARM.ActiveCfg = Debug|Any CPU
		{9D60EF47-C0F9-453E-A06B-396F90EAB0EE}.Debug|ARM.Build.0 = Debug|Any CPU
		{9D60EF47-C0F9-453E-A06B-396F90EAB0EE}.Debug|ARM.Deploy.0 = Debug|Any CPU
		{9D60EF47-C0F9-453E-A06B-396F90EAB0EE}.Debug|iPhone.ActiveCfg = Debug|Any CPU
		{9D60EF47-C0F9-453E-A06B-396F90EAB0EE}.Debug|iPhoneSimulator.ActiveCfg = Debug|Any CPU
		{9D60EF47-C0F9-453E-A06B-396F90EAB0EE}.Debug|Mixed Platforms.ActiveCfg = Debug|Any CPU
		{9D60EF47-C0F9-453E-A06B-396F90EAB0EE}.Debug|Mixed Platforms.Build.0 = Debug|Any CPU
		{9D60EF47-C0F9-453E-A06B-396F90EAB0EE}.Debug|Mixed Platforms.Deploy.0 = Debug|Any CPU
		{9D60EF47-C0F9-453E-A06B-396F90EAB0EE}.Debug|x86.ActiveCfg = Debug|Any CPU
		{9D60EF47-C0F9-453E-A06B-396F90EAB0EE}.Release|Any CPU.ActiveCfg = Release|Any CPU
		{9D60EF47-C0F9-453E-A06B-396F90EAB0EE}.Release|Any CPU.Build.0 = Release|Any CPU
		{9D60EF47-C0F9-453E-A06B-396F90EAB0EE}.Release|Any CPU.Deploy.0 = Release|Any CPU
		{9D60EF47-C0F9-453E-A06B-396F90EAB0EE}.Release|ARM.ActiveCfg = Release|Any CPU
		{9D60EF47-C0F9-453E-A06B-396F90EAB0EE}.Release|iPhone.ActiveCfg = Release|Any CPU
		{9D60EF47-C0F9-453E-A06B-396F90EAB0EE}.Release|iPhoneSimulator.ActiveCfg = Release|Any CPU
		{9D60EF47-C0F9-453E-A06B-396F90EAB0EE}.Release|Mixed Platforms.ActiveCfg = Release|Any CPU
		{9D60EF47-C0F9-453E-A06B-396F90EAB0EE}.Release|Mixed Platforms.Build.0 = Release|Any CPU
		{9D60EF47-C0F9-453E-A06B-396F90EAB0EE}.Release|Mixed Platforms.Deploy.0 = Release|Any CPU
		{9D60EF47-C0F9-453E-A06B-396F90EAB0EE}.Release|x86.ActiveCfg = Release|Any CPU
		{835B33EA-0BD8-455D-B536-BFB4E3B1191E}.AppStore|Any CPU.ActiveCfg = Release|Any CPU
		{835B33EA-0BD8-455D-B536-BFB4E3B1191E}.AppStore|Any CPU.Build.0 = Release|Any CPU
		{835B33EA-0BD8-455D-B536-BFB4E3B1191E}.AppStore|ARM.ActiveCfg = Release|Any CPU
		{835B33EA-0BD8-455D-B536-BFB4E3B1191E}.AppStore|ARM.Build.0 = Release|Any CPU
		{835B33EA-0BD8-455D-B536-BFB4E3B1191E}.AppStore|iPhone.ActiveCfg = Release|Any CPU
		{835B33EA-0BD8-455D-B536-BFB4E3B1191E}.AppStore|iPhone.Build.0 = Release|Any CPU
		{835B33EA-0BD8-455D-B536-BFB4E3B1191E}.AppStore|iPhoneSimulator.ActiveCfg = Release|Any CPU
		{835B33EA-0BD8-455D-B536-BFB4E3B1191E}.AppStore|iPhoneSimulator.Build.0 = Release|Any CPU
		{835B33EA-0BD8-455D-B536-BFB4E3B1191E}.AppStore|Mixed Platforms.ActiveCfg = Release|Any CPU
		{835B33EA-0BD8-455D-B536-BFB4E3B1191E}.AppStore|Mixed Platforms.Build.0 = Release|Any CPU
		{835B33EA-0BD8-455D-B536-BFB4E3B1191E}.AppStore|x86.ActiveCfg = Release|Any CPU
		{835B33EA-0BD8-455D-B536-BFB4E3B1191E}.AppStore|x86.Build.0 = Release|Any CPU
		{835B33EA-0BD8-455D-B536-BFB4E3B1191E}.Debug|Any CPU.ActiveCfg = Debug|Any CPU
		{835B33EA-0BD8-455D-B536-BFB4E3B1191E}.Debug|Any CPU.Build.0 = Debug|Any CPU
		{835B33EA-0BD8-455D-B536-BFB4E3B1191E}.Debug|ARM.ActiveCfg = Debug|Any CPU
		{835B33EA-0BD8-455D-B536-BFB4E3B1191E}.Debug|ARM.Build.0 = Debug|Any CPU
		{835B33EA-0BD8-455D-B536-BFB4E3B1191E}.Debug|iPhone.ActiveCfg = Debug|Any CPU
		{835B33EA-0BD8-455D-B536-BFB4E3B1191E}.Debug|iPhone.Build.0 = Debug|Any CPU
		{835B33EA-0BD8-455D-B536-BFB4E3B1191E}.Debug|iPhoneSimulator.ActiveCfg = Debug|Any CPU
		{835B33EA-0BD8-455D-B536-BFB4E3B1191E}.Debug|iPhoneSimulator.Build.0 = Debug|Any CPU
		{835B33EA-0BD8-455D-B536-BFB4E3B1191E}.Debug|Mixed Platforms.ActiveCfg = Debug|Any CPU
		{835B33EA-0BD8-455D-B536-BFB4E3B1191E}.Debug|Mixed Platforms.Build.0 = Debug|Any CPU
		{835B33EA-0BD8-455D-B536-BFB4E3B1191E}.Debug|x86.ActiveCfg = Debug|Any CPU
		{835B33EA-0BD8-455D-B536-BFB4E3B1191E}.Debug|x86.Build.0 = Debug|Any CPU
		{835B33EA-0BD8-455D-B536-BFB4E3B1191E}.Release|Any CPU.ActiveCfg = Release|Any CPU
		{835B33EA-0BD8-455D-B536-BFB4E3B1191E}.Release|Any CPU.Build.0 = Release|Any CPU
		{835B33EA-0BD8-455D-B536-BFB4E3B1191E}.Release|ARM.ActiveCfg = Release|Any CPU
		{835B33EA-0BD8-455D-B536-BFB4E3B1191E}.Release|ARM.Build.0 = Release|Any CPU
		{835B33EA-0BD8-455D-B536-BFB4E3B1191E}.Release|iPhone.ActiveCfg = Release|Any CPU
		{835B33EA-0BD8-455D-B536-BFB4E3B1191E}.Release|iPhone.Build.0 = Release|Any CPU
		{835B33EA-0BD8-455D-B536-BFB4E3B1191E}.Release|iPhoneSimulator.ActiveCfg = Release|Any CPU
		{835B33EA-0BD8-455D-B536-BFB4E3B1191E}.Release|iPhoneSimulator.Build.0 = Release|Any CPU
		{835B33EA-0BD8-455D-B536-BFB4E3B1191E}.Release|Mixed Platforms.ActiveCfg = Release|Any CPU
		{835B33EA-0BD8-455D-B536-BFB4E3B1191E}.Release|Mixed Platforms.Build.0 = Release|Any CPU
		{835B33EA-0BD8-455D-B536-BFB4E3B1191E}.Release|x86.ActiveCfg = Release|Any CPU
		{835B33EA-0BD8-455D-B536-BFB4E3B1191E}.Release|x86.Build.0 = Release|Any CPU
		{0393D583-541C-43B7-8693-ABD7B6548E6F}.AppStore|Any CPU.ActiveCfg = Release|Any CPU
		{0393D583-541C-43B7-8693-ABD7B6548E6F}.AppStore|Any CPU.Build.0 = Release|Any CPU
		{0393D583-541C-43B7-8693-ABD7B6548E6F}.AppStore|Any CPU.Deploy.0 = Release|Any CPU
		{0393D583-541C-43B7-8693-ABD7B6548E6F}.AppStore|ARM.ActiveCfg = Release|Any CPU
		{0393D583-541C-43B7-8693-ABD7B6548E6F}.AppStore|ARM.Build.0 = Release|Any CPU
		{0393D583-541C-43B7-8693-ABD7B6548E6F}.AppStore|ARM.Deploy.0 = Release|Any CPU
		{0393D583-541C-43B7-8693-ABD7B6548E6F}.AppStore|iPhone.ActiveCfg = Release|Any CPU
		{0393D583-541C-43B7-8693-ABD7B6548E6F}.AppStore|iPhone.Build.0 = Release|Any CPU
		{0393D583-541C-43B7-8693-ABD7B6548E6F}.AppStore|iPhone.Deploy.0 = Release|Any CPU
		{0393D583-541C-43B7-8693-ABD7B6548E6F}.AppStore|iPhoneSimulator.ActiveCfg = Release|Any CPU
		{0393D583-541C-43B7-8693-ABD7B6548E6F}.AppStore|iPhoneSimulator.Build.0 = Release|Any CPU
		{0393D583-541C-43B7-8693-ABD7B6548E6F}.AppStore|iPhoneSimulator.Deploy.0 = Release|Any CPU
		{0393D583-541C-43B7-8693-ABD7B6548E6F}.AppStore|Mixed Platforms.ActiveCfg = Release|Any CPU
		{0393D583-541C-43B7-8693-ABD7B6548E6F}.AppStore|Mixed Platforms.Build.0 = Release|Any CPU
		{0393D583-541C-43B7-8693-ABD7B6548E6F}.AppStore|Mixed Platforms.Deploy.0 = Release|Any CPU
		{0393D583-541C-43B7-8693-ABD7B6548E6F}.AppStore|x86.ActiveCfg = Release|Any CPU
		{0393D583-541C-43B7-8693-ABD7B6548E6F}.AppStore|x86.Build.0 = Release|Any CPU
		{0393D583-541C-43B7-8693-ABD7B6548E6F}.AppStore|x86.Deploy.0 = Release|Any CPU
		{0393D583-541C-43B7-8693-ABD7B6548E6F}.Debug|Any CPU.ActiveCfg = Debug|Any CPU
		{0393D583-541C-43B7-8693-ABD7B6548E6F}.Debug|Any CPU.Build.0 = Debug|Any CPU
		{0393D583-541C-43B7-8693-ABD7B6548E6F}.Debug|Any CPU.Deploy.0 = Debug|Any CPU
		{0393D583-541C-43B7-8693-ABD7B6548E6F}.Debug|ARM.ActiveCfg = Debug|Any CPU
		{0393D583-541C-43B7-8693-ABD7B6548E6F}.Debug|ARM.Build.0 = Debug|Any CPU
		{0393D583-541C-43B7-8693-ABD7B6548E6F}.Debug|ARM.Deploy.0 = Debug|Any CPU
		{0393D583-541C-43B7-8693-ABD7B6548E6F}.Debug|iPhone.ActiveCfg = Debug|Any CPU
		{0393D583-541C-43B7-8693-ABD7B6548E6F}.Debug|iPhone.Build.0 = Debug|Any CPU
		{0393D583-541C-43B7-8693-ABD7B6548E6F}.Debug|iPhone.Deploy.0 = Debug|Any CPU
		{0393D583-541C-43B7-8693-ABD7B6548E6F}.Debug|iPhoneSimulator.ActiveCfg = Debug|Any CPU
		{0393D583-541C-43B7-8693-ABD7B6548E6F}.Debug|iPhoneSimulator.Build.0 = Debug|Any CPU
		{0393D583-541C-43B7-8693-ABD7B6548E6F}.Debug|iPhoneSimulator.Deploy.0 = Debug|Any CPU
		{0393D583-541C-43B7-8693-ABD7B6548E6F}.Debug|Mixed Platforms.ActiveCfg = Debug|Any CPU
		{0393D583-541C-43B7-8693-ABD7B6548E6F}.Debug|Mixed Platforms.Build.0 = Debug|Any CPU
		{0393D583-541C-43B7-8693-ABD7B6548E6F}.Debug|Mixed Platforms.Deploy.0 = Debug|Any CPU
		{0393D583-541C-43B7-8693-ABD7B6548E6F}.Debug|x86.ActiveCfg = Debug|Any CPU
		{0393D583-541C-43B7-8693-ABD7B6548E6F}.Debug|x86.Build.0 = Debug|Any CPU
		{0393D583-541C-43B7-8693-ABD7B6548E6F}.Debug|x86.Deploy.0 = Debug|Any CPU
		{0393D583-541C-43B7-8693-ABD7B6548E6F}.Release|Any CPU.ActiveCfg = Release|Any CPU
		{0393D583-541C-43B7-8693-ABD7B6548E6F}.Release|Any CPU.Build.0 = Release|Any CPU
		{0393D583-541C-43B7-8693-ABD7B6548E6F}.Release|Any CPU.Deploy.0 = Release|Any CPU
		{0393D583-541C-43B7-8693-ABD7B6548E6F}.Release|ARM.ActiveCfg = Release|Any CPU
		{0393D583-541C-43B7-8693-ABD7B6548E6F}.Release|ARM.Build.0 = Release|Any CPU
		{0393D583-541C-43B7-8693-ABD7B6548E6F}.Release|ARM.Deploy.0 = Release|Any CPU
		{0393D583-541C-43B7-8693-ABD7B6548E6F}.Release|iPhone.ActiveCfg = Release|Any CPU
		{0393D583-541C-43B7-8693-ABD7B6548E6F}.Release|iPhone.Build.0 = Release|Any CPU
		{0393D583-541C-43B7-8693-ABD7B6548E6F}.Release|iPhone.Deploy.0 = Release|Any CPU
		{0393D583-541C-43B7-8693-ABD7B6548E6F}.Release|iPhoneSimulator.ActiveCfg = Release|Any CPU
		{0393D583-541C-43B7-8693-ABD7B6548E6F}.Release|iPhoneSimulator.Build.0 = Release|Any CPU
		{0393D583-541C-43B7-8693-ABD7B6548E6F}.Release|iPhoneSimulator.Deploy.0 = Release|Any CPU
		{0393D583-541C-43B7-8693-ABD7B6548E6F}.Release|Mixed Platforms.ActiveCfg = Release|Any CPU
		{0393D583-541C-43B7-8693-ABD7B6548E6F}.Release|Mixed Platforms.Build.0 = Release|Any CPU
		{0393D583-541C-43B7-8693-ABD7B6548E6F}.Release|Mixed Platforms.Deploy.0 = Release|Any CPU
		{0393D583-541C-43B7-8693-ABD7B6548E6F}.Release|x86.ActiveCfg = Release|Any CPU
		{0393D583-541C-43B7-8693-ABD7B6548E6F}.Release|x86.Build.0 = Release|Any CPU
		{0393D583-541C-43B7-8693-ABD7B6548E6F}.Release|x86.Deploy.0 = Release|Any CPU
	EndGlobalSection
	GlobalSection(SolutionProperties) = preSolution
		HideSolutionNode = FALSE
	EndGlobalSection
	GlobalSection(NestedProjects) = preSolution
		{9D60EF47-C0F9-453E-A06B-396F90EAB0EE} = {B7B292B1-65AC-4EA1-892B-155F8B20B0FA}
	EndGlobalSection
EndGlobal
